
Microsoft Visual Studio Solution File, Format Version 12.00
# Visual Studio Version 17
VisualStudioVersion = 17.14.36616.10 d17.14
MinimumVisualStudioVersion = 10.0.40219.1
Project("{FAE04EC0-301F-11D3-BF4B-00C04F79EFBC}") = "MagicianLordTrainer", "MagicianLordTrainer\MagicianLordTrainer.csproj", "{DE4912E5-60D6-4111-AD67-504D75EC2DAA}"
EndProject
Global
	GlobalSection(SolutionConfigurationPlatforms) = preSolution
		Debug|Any CPU = Debug|Any CPU
		Release|Any CPU = Release|Any CPU
	EndGlobalSection
	GlobalSection(ProjectConfigurationPlatforms) = postSolution
		{DE4912E5-60D6-4111-AD67-504D75EC2DAA}.Debug|Any CPU.ActiveCfg = Debug|Any CPU
		{DE4912E5-60D6-4111-AD67-504D75EC2DAA}.Debug|Any CPU.Build.0 = Debug|Any CPU
		{DE4912E5-60D6-4111-AD67-504D75EC2DAA}.Release|Any CPU.ActiveCfg = Release|Any CPU
		{DE4912E5-60D6-4111-AD67-504D75EC2DAA}.Release|Any CPU.Build.0 = Release|Any CPU
	EndGlobalSection
	GlobalSection(SolutionProperties) = preSolution
		HideSolutionNode = FALSE
	EndGlobalSection
	GlobalSection(ExtensibilityGlobals) = postSolution
		SolutionGuid = {3ED9D55C-9CBF-4089-83DA-A3E681B34409}
	EndGlobalSection
EndGlobal
